// !$*UTF8*$!
{
	archiveVersion = 1;
	classes = {
	};
	objectVersion = 54;
	objects = {

/* Begin PBXBuildFile section */
		00E356F31AD99517003FC87E /* TheCoffeeHouseTests.m in Sources */ = {isa = PBXBuildFile; fileRef = 00E356F21AD99517003FC87E /* TheCoffeeHouseTests.m */; };
		0C80B921A6F3F58F76C31292 /* libPods-TheCoffeeHouse.a in Frameworks */ = {isa = PBXBuildFile; fileRef = 5DCACB8F33CDC322A6C60F78 /* libPods-TheCoffeeHouse.a */; };
		13B07FBC1A68108700A75B9A /* AppDelegate.mm in Sources */ = {isa = PBXBuildFile; fileRef = 13B07FB01A68108700A75B9A /* AppDelegate.mm */; };
		13B07FBF1A68108700A75B9A /* Images.xcassets in Resources */ = {isa = PBXBuildFile; fileRef = 13B07FB51A68108700A75B9A /* Images.xcassets */; };
		13B07FC11A68108700A75B9A /* main.m in Sources */ = {isa = PBXBuildFile; fileRef = 13B07FB71A68108700A75B9A /* main.m */; };
		7699B88040F8A987B510C191 /* libPods-TheCoffeeHouse-TheCoffeeHouseTests.a in Frameworks */ = {isa = PBXBuildFile; fileRef = 19F6CBCC0A4E27FBF8BF4A61 /* libPods-TheCoffeeHouse-TheCoffeeHouseTests.a */; };
		81AB9BB82411601600AC10FF /* LaunchScreen.storyboard in Resources */ = {isa = PBXBuildFile; fileRef = 81AB9BB72411601600AC10FF /* LaunchScreen.storyboard */; };
		F52ADEEB4A6344AC96940D71 /* SourceSerif4-Black.ttf in Resources */ = {isa = PBXBuildFile; fileRef = 95122B888DBD4C7292D7D43F /* SourceSerif4-Black.ttf */; };
		39293E15C02844BCAA367577 /* SourceSerif4-BlackItalic.ttf in Resources */ = {isa = PBXBuildFile; fileRef = 7A270BE2A04A49FAAA65F8C9 /* SourceSerif4-BlackItalic.ttf */; };
		8A6F93660EC74AA7BD4AE7F4 /* SourceSerif4-Bold.ttf in Resources */ = {isa = PBXBuildFile; fileRef = 764A83FC09294589890A0825 /* SourceSerif4-Bold.ttf */; };
		F2E084F21A8E4557A487C788 /* SourceSerif4-BoldItalic.ttf in Resources */ = {isa = PBXBuildFile; fileRef = 128AE7E2227C429AA9556162 /* SourceSerif4-BoldItalic.ttf */; };
		151C29373EFD4DA28DC21B32 /* SourceSerif4-ExtraBold.ttf in Resources */ = {isa = PBXBuildFile; fileRef = 3D9BE038EC304D8C8A121C2E /* SourceSerif4-ExtraBold.ttf */; };
		C137C7C238CF47C3A80BEC85 /* SourceSerif4-ExtraBoldItalic.ttf in Resources */ = {isa = PBXBuildFile; fileRef = 10A097F0616B42E6BFF49ACB /* SourceSerif4-ExtraBoldItalic.ttf */; };
		C5A51D1EACE543919C826CFF /* SourceSerif4-ExtraLight.ttf in Resources */ = {isa = PBXBuildFile; fileRef = 2268854F52BE4033A8E0D7D1 /* SourceSerif4-ExtraLight.ttf */; };
		537BCC7C4B6D49CF95CFF686 /* SourceSerif4-ExtraLightItalic.ttf in Resources */ = {isa = PBXBuildFile; fileRef = 600F52B3A7C84289931C2241 /* SourceSerif4-ExtraLightItalic.ttf */; };
		DA8229D37DEE48D8B9350435 /* SourceSerif4-Italic.ttf in Resources */ = {isa = PBXBuildFile; fileRef = 67C0A433B77343B4A0E62EC7 /* SourceSerif4-Italic.ttf */; };
		843054323BB04A6D9793B320 /* SourceSerif4-Light.ttf in Resources */ = {isa = PBXBuildFile; fileRef = 4ABD2EC04A62496EB71D8ED8 /* SourceSerif4-Light.ttf */; };
		627FBD327DD048E08C045DEF /* SourceSerif4-LightItalic.ttf in Resources */ = {isa = PBXBuildFile; fileRef = 9EFF2A74E1554CB68E09BC90 /* SourceSerif4-LightItalic.ttf */; };
		A04585E13E9E47EB8E3A9DBE /* SourceSerif4-Medium.ttf in Resources */ = {isa = PBXBuildFile; fileRef = 6FF182D5D36240359AA730C9 /* SourceSerif4-Medium.ttf */; };
		87AC45248916401FA3AC38C5 /* SourceSerif4-MediumItalic.ttf in Resources */ = {isa = PBXBuildFile; fileRef = 799F26D957114233A306A725 /* SourceSerif4-MediumItalic.ttf */; };
		77AB0F1C8227455D85552935 /* SourceSerif4-Regular.ttf in Resources */ = {isa = PBXBuildFile; fileRef = DFEED923EA424459B4B7D29E /* SourceSerif4-Regular.ttf */; };
		C63EE10489B74A2490D8EA95 /* SourceSerif4-SemiBold.ttf in Resources */ = {isa = PBXBuildFile; fileRef = 161A53FD2A0B43AF80ABD3C6 /* SourceSerif4-SemiBold.ttf */; };
		9565D43410B54D308304BCA8 /* SourceSerif4-SemiBoldItalic.ttf in Resources */ = {isa = PBXBuildFile; fileRef = A42A33EE27A24924AD341C9D /* SourceSerif4-SemiBoldItalic.ttf */; };
		E5BEF619AA734136B5FE5320 /* SourceSerif4_18pt-Black.ttf in Resources */ = {isa = PBXBuildFile; fileRef = D24BD6FEF8BD4A8D92212387 /* SourceSerif4_18pt-Black.ttf */; };
		599D6C7D74E640D2BF3FBC37 /* SourceSerif4_18pt-BlackItalic.ttf in Resources */ = {isa = PBXBuildFile; fileRef = 056863AE897A4DC2B9916E54 /* SourceSerif4_18pt-BlackItalic.ttf */; };
		57245AB4C0F24A3894B464E6 /* SourceSerif4_18pt-Bold.ttf in Resources */ = {isa = PBXBuildFile; fileRef = DE94E9EC324A417CA4705B58 /* SourceSerif4_18pt-Bold.ttf */; };
		3770DAE95E4D47A58D5FFE64 /* SourceSerif4_18pt-BoldItalic.ttf in Resources */ = {isa = PBXBuildFile; fileRef = 2E547E2FD973401F8D5C5B51 /* SourceSerif4_18pt-BoldItalic.ttf */; };
		CAF2F4DB2A704C459A158F06 /* SourceSerif4_18pt-ExtraBold.ttf in Resources */ = {isa = PBXBuildFile; fileRef = 2A4C008B550D4DA7B2161522 /* SourceSerif4_18pt-ExtraBold.ttf */; };
		361637C0DDF84EA6A0F8A3A4 /* SourceSerif4_18pt-ExtraBoldItalic.ttf in Resources */ = {isa = PBXBuildFile; fileRef = 5F2F8D0C96474DEBBF75B329 /* SourceSerif4_18pt-ExtraBoldItalic.ttf */; };
		3C403B3996954E1FA2C2157B /* SourceSerif4_18pt-ExtraLight.ttf in Resources */ = {isa = PBXBuildFile; fileRef = E29BCCF826124D1688D995C3 /* SourceSerif4_18pt-ExtraLight.ttf */; };
		A681B89DD09C43378FCD734B /* SourceSerif4_18pt-ExtraLightItalic.ttf in Resources */ = {isa = PBXBuildFile; fileRef = 80755A82D18E4BD0A2E9D304 /* SourceSerif4_18pt-ExtraLightItalic.ttf */; };
		40FCD5740722446880F274F6 /* SourceSerif4_18pt-Italic.ttf in Resources */ = {isa = PBXBuildFile; fileRef = 38BE4E287B0B4BB59ED3833C /* SourceSerif4_18pt-Italic.ttf */; };
		918BE2CBC69E46528D6E9993 /* SourceSerif4_18pt-Light.ttf in Resources */ = {isa = PBXBuildFile; fileRef = A0A580ECC18646D7A0977193 /* SourceSerif4_18pt-Light.ttf */; };
		F3B81BCA051D4F5DA0C9EABA /* SourceSerif4_18pt-LightItalic.ttf in Resources */ = {isa = PBXBuildFile; fileRef = 80CB5682E62D476A8231E710 /* SourceSerif4_18pt-LightItalic.ttf */; };
		6C83ED21A6C4422193CB939D /* SourceSerif4_18pt-Medium.ttf in Resources */ = {isa = PBXBuildFile; fileRef = C829B98915004FE386DC2D64 /* SourceSerif4_18pt-Medium.ttf */; };
		FE40E8A103744648839E72E2 /* SourceSerif4_18pt-MediumItalic.ttf in Resources */ = {isa = PBXBuildFile; fileRef = 6320C22B2C204D8785159A37 /* SourceSerif4_18pt-MediumItalic.ttf */; };
		E9658A9C2D9E4660A9872EE4 /* SourceSerif4_18pt-Regular.ttf in Resources */ = {isa = PBXBuildFile; fileRef = DA28F3A3D96B46A6A3E13447 /* SourceSerif4_18pt-Regular.ttf */; };
		B8E8F20AEC234AA59C3889AC /* SourceSerif4_18pt-SemiBold.ttf in Resources */ = {isa = PBXBuildFile; fileRef = A4D12482AD5042CDA6FD529A /* SourceSerif4_18pt-SemiBold.ttf */; };
		FAF831C1862E484D9760A41D /* SourceSerif4_18pt-SemiBoldItalic.ttf in Resources */ = {isa = PBXBuildFile; fileRef = E4530C29A76440A1974538AB /* SourceSerif4_18pt-SemiBoldItalic.ttf */; };
		EB6F18FDCA664054A3ED1186 /* SourceSerif4_36pt-Black.ttf in Resources */ = {isa = PBXBuildFile; fileRef = CD6C483A1BF14D1B8490AED7 /* SourceSerif4_36pt-Black.ttf */; };
		3340CC327E4F44768DC75B41 /* SourceSerif4_36pt-BlackItalic.ttf in Resources */ = {isa = PBXBuildFile; fileRef = 3CF4DDFDA34E4CA1BD7BF080 /* SourceSerif4_36pt-BlackItalic.ttf */; };
		F896140B53EE4D6DA1EE51CA /* SourceSerif4_36pt-Bold.ttf in Resources */ = {isa = PBXBuildFile; fileRef = 2C52A39ECA834229849F475F /* SourceSerif4_36pt-Bold.ttf */; };
		568E50E98E3745C4A0CCB8AB /* SourceSerif4_36pt-BoldItalic.ttf in Resources */ = {isa = PBXBuildFile; fileRef = AF7469ECDE7B41709ECD57B6 /* SourceSerif4_36pt-BoldItalic.ttf */; };
		99FF796636BE4E428D465ECE /* SourceSerif4_36pt-ExtraBold.ttf in Resources */ = {isa = PBXBuildFile; fileRef = E0CC8181112440279A173572 /* SourceSerif4_36pt-ExtraBold.ttf */; };
		4A50E81840934749B8777245 /* SourceSerif4_36pt-ExtraBoldItalic.ttf in Resources */ = {isa = PBXBuildFile; fileRef = 8A9EBDF3DC7C4929A7B7CD92 /* SourceSerif4_36pt-ExtraBoldItalic.ttf */; };
		3FA094A431C74B7591C318FF /* SourceSerif4_36pt-ExtraLight.ttf in Resources */ = {isa = PBXBuildFile; fileRef = 0723402A9569449ABA090BDC /* SourceSerif4_36pt-ExtraLight.ttf */; };
		A377B153661C4869B214275E /* SourceSerif4_36pt-ExtraLightItalic.ttf in Resources */ = {isa = PBXBuildFile; fileRef = 77363F732E7542CEB2F906AF /* SourceSerif4_36pt-ExtraLightItalic.ttf */; };
		305E9CEA8D8A46CD9A3626F6 /* SourceSerif4_36pt-Italic.ttf in Resources */ = {isa = PBXBuildFile; fileRef = BDEDE83EA007489E8897E519 /* SourceSerif4_36pt-Italic.ttf */; };
		89157CE45DC646B7A404E987 /* SourceSerif4_36pt-Light.ttf in Resources */ = {isa = PBXBuildFile; fileRef = 92BDE25323EE4D2BB4EF8A35 /* SourceSerif4_36pt-Light.ttf */; };
		BFD91C6E40FC4FBF86B01DA4 /* SourceSerif4_36pt-LightItalic.ttf in Resources */ = {isa = PBXBuildFile; fileRef = 4845A97EE2704D34B16F110C /* SourceSerif4_36pt-LightItalic.ttf */; };
		54756E3A63C94306920898B5 /* SourceSerif4_36pt-Medium.ttf in Resources */ = {isa = PBXBuildFile; fileRef = 3FC58066E39B454F9075EE9E /* SourceSerif4_36pt-Medium.ttf */; };
		46AC7CAE325E43A1B6AA00B9 /* SourceSerif4_36pt-MediumItalic.ttf in Resources */ = {isa = PBXBuildFile; fileRef = 3232AB82404549CDB24AD601 /* SourceSerif4_36pt-MediumItalic.ttf */; };
		7BC223E00FE84A7794D5462B /* SourceSerif4_36pt-Regular.ttf in Resources */ = {isa = PBXBuildFile; fileRef = 4AA991ED52E2491EBF57F58A /* SourceSerif4_36pt-Regular.ttf */; };
		F7E23015D2314C91A4DAC4ED /* SourceSerif4_36pt-SemiBold.ttf in Resources */ = {isa = PBXBuildFile; fileRef = 996CF7C838224FE9A33327F7 /* SourceSerif4_36pt-SemiBold.ttf */; };
		6447BEA5C9964520BB12078C /* SourceSerif4_36pt-SemiBoldItalic.ttf in Resources */ = {isa = PBXBuildFile; fileRef = FAE30B6E112241FBB5099B52 /* SourceSerif4_36pt-SemiBoldItalic.ttf */; };
		EF7C99E3B370453A899145EA /* SourceSerif4_48pt-Black.ttf in Resources */ = {isa = PBXBuildFile; fileRef = 7B1DA8387C774386B0D1D27C /* SourceSerif4_48pt-Black.ttf */; };
		2B7AF726067249129C8CB831 /* SourceSerif4_48pt-BlackItalic.ttf in Resources */ = {isa = PBXBuildFile; fileRef = C0129C1CA8244F559004CF3A /* SourceSerif4_48pt-BlackItalic.ttf */; };
		73D62BCB6A2B405F954791A2 /* SourceSerif4_48pt-Bold.ttf in Resources */ = {isa = PBXBuildFile; fileRef = 561346CC043F4EE9BC4269A6 /* SourceSerif4_48pt-Bold.ttf */; };
		A40CB5F81A2A489897C2F932 /* SourceSerif4_48pt-BoldItalic.ttf in Resources */ = {isa = PBXBuildFile; fileRef = 8CB781D72DF14560883181E6 /* SourceSerif4_48pt-BoldItalic.ttf */; };
		16464914F00C42AFB29814CD /* SourceSerif4_48pt-ExtraBold.ttf in Resources */ = {isa = PBXBuildFile; fileRef = A1933FF4C23742EB867156F7 /* SourceSerif4_48pt-ExtraBold.ttf */; };
		4162DAE7132D43609536E54E /* SourceSerif4_48pt-ExtraBoldItalic.ttf in Resources */ = {isa = PBXBuildFile; fileRef = 93397873757C4A55B167F4EC /* SourceSerif4_48pt-ExtraBoldItalic.ttf */; };
		46B4C66154294A868AA70D4F /* SourceSerif4_48pt-ExtraLight.ttf in Resources */ = {isa = PBXBuildFile; fileRef = ABD59FCD06D84C5E91B24C47 /* SourceSerif4_48pt-ExtraLight.ttf */; };
		3E5761B5FA7042478655FF13 /* SourceSerif4_48pt-ExtraLightItalic.ttf in Resources */ = {isa = PBXBuildFile; fileRef = E8A0D32FBC59422E8386DBA7 /* SourceSerif4_48pt-ExtraLightItalic.ttf */; };
		04229B4C58D5439286084C5F /* SourceSerif4_48pt-Italic.ttf in Resources */ = {isa = PBXBuildFile; fileRef = F277F14C79274F8B8E1C62CE /* SourceSerif4_48pt-Italic.ttf */; };
		BEC4CA194815489293013CF7 /* SourceSerif4_48pt-Light.ttf in Resources */ = {isa = PBXBuildFile; fileRef = A89AD7280BA644F790D24FBA /* SourceSerif4_48pt-Light.ttf */; };
		E4CD0CC112844223BCCA5E1B /* SourceSerif4_48pt-LightItalic.ttf in Resources */ = {isa = PBXBuildFile; fileRef = 0BFFF8C2BB39476299E966A9 /* SourceSerif4_48pt-LightItalic.ttf */; };
		60333EDC9E9A43BB938AE60F /* SourceSerif4_48pt-Medium.ttf in Resources */ = {isa = PBXBuildFile; fileRef = 6B4CFCF3771C4F8FBCB3F10D /* SourceSerif4_48pt-Medium.ttf */; };
		135C4BD54A8F4E6289A32E83 /* SourceSerif4_48pt-MediumItalic.ttf in Resources */ = {isa = PBXBuildFile; fileRef = 5C19AEC6FE8A4408A3276592 /* SourceSerif4_48pt-MediumItalic.ttf */; };
		1E5CD77054314EDB8A0D7FBA /* SourceSerif4_48pt-Regular.ttf in Resources */ = {isa = PBXBuildFile; fileRef = 882D272DAF794EACBD80A334 /* SourceSerif4_48pt-Regular.ttf */; };
		730DA7DF1D714ACCB7BEA966 /* SourceSerif4_48pt-SemiBold.ttf in Resources */ = {isa = PBXBuildFile; fileRef = 7058DCBC04C6415B8EB1DE4B /* SourceSerif4_48pt-SemiBold.ttf */; };
		C6C3CEC6E42843A3A8EF7A49 /* SourceSerif4_48pt-SemiBoldItalic.ttf in Resources */ = {isa = PBXBuildFile; fileRef = 4B293728568C4A8A9BF630DC /* SourceSerif4_48pt-SemiBoldItalic.ttf */; };
/* End PBXBuildFile section */

/* Begin PBXContainerItemProxy section */
		00E356F41AD99517003FC87E /* PBXContainerItemProxy */ = {
			isa = PBXContainerItemProxy;
			containerPortal = 83CBB9F71A601CBA00E9B192 /* Project object */;
			proxyType = 1;
			remoteGlobalIDString = 13B07F861A680F5B00A75B9A;
			remoteInfo = TheCoffeeHouse;
		};
/* End PBXContainerItemProxy section */

/* Begin PBXFileReference section */
		00E356EE1AD99517003FC87E /* TheCoffeeHouseTests.xctest */ = {isa = PBXFileReference; explicitFileType = wrapper.cfbundle; includeInIndex = 0; path = TheCoffeeHouseTests.xctest; sourceTree = BUILT_PRODUCTS_DIR; };
		00E356F11AD99517003FC87E /* Info.plist */ = {isa = PBXFileReference; lastKnownFileType = text.plist.xml; path = Info.plist; sourceTree = "<group>"; };
		00E356F21AD99517003FC87E /* TheCoffeeHouseTests.m */ = {isa = PBXFileReference; lastKnownFileType = sourcecode.c.objc; path = TheCoffeeHouseTests.m; sourceTree = "<group>"; };
		13B07F961A680F5B00A75B9A /* TheCoffeeHouse.app */ = {isa = PBXFileReference; explicitFileType = wrapper.application; includeInIndex = 0; path = TheCoffeeHouse.app; sourceTree = BUILT_PRODUCTS_DIR; };
		13B07FAF1A68108700A75B9A /* AppDelegate.h */ = {isa = PBXFileReference; fileEncoding = 4; lastKnownFileType = sourcecode.c.h; name = AppDelegate.h; path = TheCoffeeHouse/AppDelegate.h; sourceTree = "<group>"; };
		13B07FB01A68108700A75B9A /* AppDelegate.mm */ = {isa = PBXFileReference; fileEncoding = 4; lastKnownFileType = sourcecode.cpp.objcpp; name = AppDelegate.mm; path = TheCoffeeHouse/AppDelegate.mm; sourceTree = "<group>"; };
		13B07FB51A68108700A75B9A /* Images.xcassets */ = {isa = PBXFileReference; lastKnownFileType = folder.assetcatalog; name = Images.xcassets; path = TheCoffeeHouse/Images.xcassets; sourceTree = "<group>"; };
		13B07FB61A68108700A75B9A /* Info.plist */ = {isa = PBXFileReference; fileEncoding = 4; lastKnownFileType = text.plist.xml; name = Info.plist; path = TheCoffeeHouse/Info.plist; sourceTree = "<group>"; };
		13B07FB71A68108700A75B9A /* main.m */ = {isa = PBXFileReference; fileEncoding = 4; lastKnownFileType = sourcecode.c.objc; name = main.m; path = TheCoffeeHouse/main.m; sourceTree = "<group>"; };
		19F6CBCC0A4E27FBF8BF4A61 /* libPods-TheCoffeeHouse-TheCoffeeHouseTests.a */ = {isa = PBXFileReference; explicitFileType = archive.ar; includeInIndex = 0; path = "libPods-TheCoffeeHouse-TheCoffeeHouseTests.a"; sourceTree = BUILT_PRODUCTS_DIR; };
		3B4392A12AC88292D35C810B /* Pods-TheCoffeeHouse.debug.xcconfig */ = {isa = PBXFileReference; includeInIndex = 1; lastKnownFileType = text.xcconfig; name = "Pods-TheCoffeeHouse.debug.xcconfig"; path = "Target Support Files/Pods-TheCoffeeHouse/Pods-TheCoffeeHouse.debug.xcconfig"; sourceTree = "<group>"; };
		5709B34CF0A7D63546082F79 /* Pods-TheCoffeeHouse.release.xcconfig */ = {isa = PBXFileReference; includeInIndex = 1; lastKnownFileType = text.xcconfig; name = "Pods-TheCoffeeHouse.release.xcconfig"; path = "Target Support Files/Pods-TheCoffeeHouse/Pods-TheCoffeeHouse.release.xcconfig"; sourceTree = "<group>"; };
		5B7EB9410499542E8C5724F5 /* Pods-TheCoffeeHouse-TheCoffeeHouseTests.debug.xcconfig */ = {isa = PBXFileReference; includeInIndex = 1; lastKnownFileType = text.xcconfig; name = "Pods-TheCoffeeHouse-TheCoffeeHouseTests.debug.xcconfig"; path = "Target Support Files/Pods-TheCoffeeHouse-TheCoffeeHouseTests/Pods-TheCoffeeHouse-TheCoffeeHouseTests.debug.xcconfig"; sourceTree = "<group>"; };
		5DCACB8F33CDC322A6C60F78 /* libPods-TheCoffeeHouse.a */ = {isa = PBXFileReference; explicitFileType = archive.ar; includeInIndex = 0; path = "libPods-TheCoffeeHouse.a"; sourceTree = BUILT_PRODUCTS_DIR; };
		81AB9BB72411601600AC10FF /* LaunchScreen.storyboard */ = {isa = PBXFileReference; fileEncoding = 4; lastKnownFileType = file.storyboard; name = LaunchScreen.storyboard; path = TheCoffeeHouse/LaunchScreen.storyboard; sourceTree = "<group>"; };
		89C6BE57DB24E9ADA2F236DE /* Pods-TheCoffeeHouse-TheCoffeeHouseTests.release.xcconfig */ = {isa = PBXFileReference; includeInIndex = 1; lastKnownFileType = text.xcconfig; name = "Pods-TheCoffeeHouse-TheCoffeeHouseTests.release.xcconfig"; path = "Target Support Files/Pods-TheCoffeeHouse-TheCoffeeHouseTests/Pods-TheCoffeeHouse-TheCoffeeHouseTests.release.xcconfig"; sourceTree = "<group>"; };
		ED297162215061F000B7C4FE /* JavaScriptCore.framework */ = {isa = PBXFileReference; lastKnownFileType = wrapper.framework; name = JavaScriptCore.framework; path = System/Library/Frameworks/JavaScriptCore.framework; sourceTree = SDKROOT; };
		95122B888DBD4C7292D7D43F /* SourceSerif4-Black.ttf */ = {isa = PBXFileReference; name = "SourceSerif4-Black.ttf"; path = "../assets/fonts/SourceSerif4-Black.ttf"; sourceTree = "<group>"; fileEncoding = undefined; lastKnownFileType = unknown; explicitFileType = undefined; includeInIndex = 0; };
		7A270BE2A04A49FAAA65F8C9 /* SourceSerif4-BlackItalic.ttf */ = {isa = PBXFileReference; name = "SourceSerif4-BlackItalic.ttf"; path = "../assets/fonts/SourceSerif4-BlackItalic.ttf"; sourceTree = "<group>"; fileEncoding = undefined; lastKnownFileType = unknown; explicitFileType = undefined; includeInIndex = 0; };
		764A83FC09294589890A0825 /* SourceSerif4-Bold.ttf */ = {isa = PBXFileReference; name = "SourceSerif4-Bold.ttf"; path = "../assets/fonts/SourceSerif4-Bold.ttf"; sourceTree = "<group>"; fileEncoding = undefined; lastKnownFileType = unknown; explicitFileType = undefined; includeInIndex = 0; };
		128AE7E2227C429AA9556162 /* SourceSerif4-BoldItalic.ttf */ = {isa = PBXFileReference; name = "SourceSerif4-BoldItalic.ttf"; path = "../assets/fonts/SourceSerif4-BoldItalic.ttf"; sourceTree = "<group>"; fileEncoding = undefined; lastKnownFileType = unknown; explicitFileType = undefined; includeInIndex = 0; };
		3D9BE038EC304D8C8A121C2E /* SourceSerif4-ExtraBold.ttf */ = {isa = PBXFileReference; name = "SourceSerif4-ExtraBold.ttf"; path = "../assets/fonts/SourceSerif4-ExtraBold.ttf"; sourceTree = "<group>"; fileEncoding = undefined; lastKnownFileType = unknown; explicitFileType = undefined; includeInIndex = 0; };
		10A097F0616B42E6BFF49ACB /* SourceSerif4-ExtraBoldItalic.ttf */ = {isa = PBXFileReference; name = "SourceSerif4-ExtraBoldItalic.ttf"; path = "../assets/fonts/SourceSerif4-ExtraBoldItalic.ttf"; sourceTree = "<group>"; fileEncoding = undefined; lastKnownFileType = unknown; explicitFileType = undefined; includeInIndex = 0; };
		2268854F52BE4033A8E0D7D1 /* SourceSerif4-ExtraLight.ttf */ = {isa = PBXFileReference; name = "SourceSerif4-ExtraLight.ttf"; path = "../assets/fonts/SourceSerif4-ExtraLight.ttf"; sourceTree = "<group>"; fileEncoding = undefined; lastKnownFileType = unknown; explicitFileType = undefined; includeInIndex = 0; };
		600F52B3A7C84289931C2241 /* SourceSerif4-ExtraLightItalic.ttf */ = {isa = PBXFileReference; name = "SourceSerif4-ExtraLightItalic.ttf"; path = "../assets/fonts/SourceSerif4-ExtraLightItalic.ttf"; sourceTree = "<group>"; fileEncoding = undefined; lastKnownFileType = unknown; explicitFileType = undefined; includeInIndex = 0; };
		67C0A433B77343B4A0E62EC7 /* SourceSerif4-Italic.ttf */ = {isa = PBXFileReference; name = "SourceSerif4-Italic.ttf"; path = "../assets/fonts/SourceSerif4-Italic.ttf"; sourceTree = "<group>"; fileEncoding = undefined; lastKnownFileType = unknown; explicitFileType = undefined; includeInIndex = 0; };
		4ABD2EC04A62496EB71D8ED8 /* SourceSerif4-Light.ttf */ = {isa = PBXFileReference; name = "SourceSerif4-Light.ttf"; path = "../assets/fonts/SourceSerif4-Light.ttf"; sourceTree = "<group>"; fileEncoding = undefined; lastKnownFileType = unknown; explicitFileType = undefined; includeInIndex = 0; };
		9EFF2A74E1554CB68E09BC90 /* SourceSerif4-LightItalic.ttf */ = {isa = PBXFileReference; name = "SourceSerif4-LightItalic.ttf"; path = "../assets/fonts/SourceSerif4-LightItalic.ttf"; sourceTree = "<group>"; fileEncoding = undefined; lastKnownFileType = unknown; explicitFileType = undefined; includeInIndex = 0; };
		6FF182D5D36240359AA730C9 /* SourceSerif4-Medium.ttf */ = {isa = PBXFileReference; name = "SourceSerif4-Medium.ttf"; path = "../assets/fonts/SourceSerif4-Medium.ttf"; sourceTree = "<group>"; fileEncoding = undefined; lastKnownFileType = unknown; explicitFileType = undefined; includeInIndex = 0; };
		799F26D957114233A306A725 /* SourceSerif4-MediumItalic.ttf */ = {isa = PBXFileReference; name = "SourceSerif4-MediumItalic.ttf"; path = "../assets/fonts/SourceSerif4-MediumItalic.ttf"; sourceTree = "<group>"; fileEncoding = undefined; lastKnownFileType = unknown; explicitFileType = undefined; includeInIndex = 0; };
		DFEED923EA424459B4B7D29E /* SourceSerif4-Regular.ttf */ = {isa = PBXFileReference; name = "SourceSerif4-Regular.ttf"; path = "../assets/fonts/SourceSerif4-Regular.ttf"; sourceTree = "<group>"; fileEncoding = undefined; lastKnownFileType = unknown; explicitFileType = undefined; includeInIndex = 0; };
		161A53FD2A0B43AF80ABD3C6 /* SourceSerif4-SemiBold.ttf */ = {isa = PBXFileReference; name = "SourceSerif4-SemiBold.ttf"; path = "../assets/fonts/SourceSerif4-SemiBold.ttf"; sourceTree = "<group>"; fileEncoding = undefined; lastKnownFileType = unknown; explicitFileType = undefined; includeInIndex = 0; };
		A42A33EE27A24924AD341C9D /* SourceSerif4-SemiBoldItalic.ttf */ = {isa = PBXFileReference; name = "SourceSerif4-SemiBoldItalic.ttf"; path = "../assets/fonts/SourceSerif4-SemiBoldItalic.ttf"; sourceTree = "<group>"; fileEncoding = undefined; lastKnownFileType = unknown; explicitFileType = undefined; includeInIndex = 0; };
		D24BD6FEF8BD4A8D92212387 /* SourceSerif4_18pt-Black.ttf */ = {isa = PBXFileReference; name = "SourceSerif4_18pt-Black.ttf"; path = "../assets/fonts/SourceSerif4_18pt-Black.ttf"; sourceTree = "<group>"; fileEncoding = undefined; lastKnownFileType = unknown; explicitFileType = undefined; includeInIndex = 0; };
		056863AE897A4DC2B9916E54 /* SourceSerif4_18pt-BlackItalic.ttf */ = {isa = PBXFileReference; name = "SourceSerif4_18pt-BlackItalic.ttf"; path = "../assets/fonts/SourceSerif4_18pt-BlackItalic.ttf"; sourceTree = "<group>"; fileEncoding = undefined; lastKnownFileType = unknown; explicitFileType = undefined; includeInIndex = 0; };
		DE94E9EC324A417CA4705B58 /* SourceSerif4_18pt-Bold.ttf */ = {isa = PBXFileReference; name = "SourceSerif4_18pt-Bold.ttf"; path = "../assets/fonts/SourceSerif4_18pt-Bold.ttf"; sourceTree = "<group>"; fileEncoding = undefined; lastKnownFileType = unknown; explicitFileType = undefined; includeInIndex = 0; };
		2E547E2FD973401F8D5C5B51 /* SourceSerif4_18pt-BoldItalic.ttf */ = {isa = PBXFileReference; name = "SourceSerif4_18pt-BoldItalic.ttf"; path = "../assets/fonts/SourceSerif4_18pt-BoldItalic.ttf"; sourceTree = "<group>"; fileEncoding = undefined; lastKnownFileType = unknown; explicitFileType = undefined; includeInIndex = 0; };
		2A4C008B550D4DA7B2161522 /* SourceSerif4_18pt-ExtraBold.ttf */ = {isa = PBXFileReference; name = "SourceSerif4_18pt-ExtraBold.ttf"; path = "../assets/fonts/SourceSerif4_18pt-ExtraBold.ttf"; sourceTree = "<group>"; fileEncoding = undefined; lastKnownFileType = unknown; explicitFileType = undefined; includeInIndex = 0; };
		5F2F8D0C96474DEBBF75B329 /* SourceSerif4_18pt-ExtraBoldItalic.ttf */ = {isa = PBXFileReference; name = "SourceSerif4_18pt-ExtraBoldItalic.ttf"; path = "../assets/fonts/SourceSerif4_18pt-ExtraBoldItalic.ttf"; sourceTree = "<group>"; fileEncoding = undefined; lastKnownFileType = unknown; explicitFileType = undefined; includeInIndex = 0; };
		E29BCCF826124D1688D995C3 /* SourceSerif4_18pt-ExtraLight.ttf */ = {isa = PBXFileReference; name = "SourceSerif4_18pt-ExtraLight.ttf"; path = "../assets/fonts/SourceSerif4_18pt-ExtraLight.ttf"; sourceTree = "<group>"; fileEncoding = undefined; lastKnownFileType = unknown; explicitFileType = undefined; includeInIndex = 0; };
		80755A82D18E4BD0A2E9D304 /* SourceSerif4_18pt-ExtraLightItalic.ttf */ = {isa = PBXFileReference; name = "SourceSerif4_18pt-ExtraLightItalic.ttf"; path = "../assets/fonts/SourceSerif4_18pt-ExtraLightItalic.ttf"; sourceTree = "<group>"; fileEncoding = undefined; lastKnownFileType = unknown; explicitFileType = undefined; includeInIndex = 0; };
		38BE4E287B0B4BB59ED3833C /* SourceSerif4_18pt-Italic.ttf */ = {isa = PBXFileReference; name = "SourceSerif4_18pt-Italic.ttf"; path = "../assets/fonts/SourceSerif4_18pt-Italic.ttf"; sourceTree = "<group>"; fileEncoding = undefined; lastKnownFileType = unknown; explicitFileType = undefined; includeInIndex = 0; };
		A0A580ECC18646D7A0977193 /* SourceSerif4_18pt-Light.ttf */ = {isa = PBXFileReference; name = "SourceSerif4_18pt-Light.ttf"; path = "../assets/fonts/SourceSerif4_18pt-Light.ttf"; sourceTree = "<group>"; fileEncoding = undefined; lastKnownFileType = unknown; explicitFileType = undefined; includeInIndex = 0; };
		80CB5682E62D476A8231E710 /* SourceSerif4_18pt-LightItalic.ttf */ = {isa = PBXFileReference; name = "SourceSerif4_18pt-LightItalic.ttf"; path = "../assets/fonts/SourceSerif4_18pt-LightItalic.ttf"; sourceTree = "<group>"; fileEncoding = undefined; lastKnownFileType = unknown; explicitFileType = undefined; includeInIndex = 0; };
		C829B98915004FE386DC2D64 /* SourceSerif4_18pt-Medium.ttf */ = {isa = PBXFileReference; name = "SourceSerif4_18pt-Medium.ttf"; path = "../assets/fonts/SourceSerif4_18pt-Medium.ttf"; sourceTree = "<group>"; fileEncoding = undefined; lastKnownFileType = unknown; explicitFileType = undefined; includeInIndex = 0; };
		6320C22B2C204D8785159A37 /* SourceSerif4_18pt-MediumItalic.ttf */ = {isa = PBXFileReference; name = "SourceSerif4_18pt-MediumItalic.ttf"; path = "../assets/fonts/SourceSerif4_18pt-MediumItalic.ttf"; sourceTree = "<group>"; fileEncoding = undefined; lastKnownFileType = unknown; explicitFileType = undefined; includeInIndex = 0; };
		DA28F3A3D96B46A6A3E13447 /* SourceSerif4_18pt-Regular.ttf */ = {isa = PBXFileReference; name = "SourceSerif4_18pt-Regular.ttf"; path = "../assets/fonts/SourceSerif4_18pt-Regular.ttf"; sourceTree = "<group>"; fileEncoding = undefined; lastKnownFileType = unknown; explicitFileType = undefined; includeInIndex = 0; };
		A4D12482AD5042CDA6FD529A /* SourceSerif4_18pt-SemiBold.ttf */ = {isa = PBXFileReference; name = "SourceSerif4_18pt-SemiBold.ttf"; path = "../assets/fonts/SourceSerif4_18pt-SemiBold.ttf"; sourceTree = "<group>"; fileEncoding = undefined; lastKnownFileType = unknown; explicitFileType = undefined; includeInIndex = 0; };
		E4530C29A76440A1974538AB /* SourceSerif4_18pt-SemiBoldItalic.ttf */ = {isa = PBXFileReference; name = "SourceSerif4_18pt-SemiBoldItalic.ttf"; path = "../assets/fonts/SourceSerif4_18pt-SemiBoldItalic.ttf"; sourceTree = "<group>"; fileEncoding = undefined; lastKnownFileType = unknown; explicitFileType = undefined; includeInIndex = 0; };
		CD6C483A1BF14D1B8490AED7 /* SourceSerif4_36pt-Black.ttf */ = {isa = PBXFileReference; name = "SourceSerif4_36pt-Black.ttf"; path = "../assets/fonts/SourceSerif4_36pt-Black.ttf"; sourceTree = "<group>"; fileEncoding = undefined; lastKnownFileType = unknown; explicitFileType = undefined; includeInIndex = 0; };
		3CF4DDFDA34E4CA1BD7BF080 /* SourceSerif4_36pt-BlackItalic.ttf */ = {isa = PBXFileReference; name = "SourceSerif4_36pt-BlackItalic.ttf"; path = "../assets/fonts/SourceSerif4_36pt-BlackItalic.ttf"; sourceTree = "<group>"; fileEncoding = undefined; lastKnownFileType = unknown; explicitFileType = undefined; includeInIndex = 0; };
		2C52A39ECA834229849F475F /* SourceSerif4_36pt-Bold.ttf */ = {isa = PBXFileReference; name = "SourceSerif4_36pt-Bold.ttf"; path = "../assets/fonts/SourceSerif4_36pt-Bold.ttf"; sourceTree = "<group>"; fileEncoding = undefined; lastKnownFileType = unknown; explicitFileType = undefined; includeInIndex = 0; };
		AF7469ECDE7B41709ECD57B6 /* SourceSerif4_36pt-BoldItalic.ttf */ = {isa = PBXFileReference; name = "SourceSerif4_36pt-BoldItalic.ttf"; path = "../assets/fonts/SourceSerif4_36pt-BoldItalic.ttf"; sourceTree = "<group>"; fileEncoding = undefined; lastKnownFileType = unknown; explicitFileType = undefined; includeInIndex = 0; };
		E0CC8181112440279A173572 /* SourceSerif4_36pt-ExtraBold.ttf */ = {isa = PBXFileReference; name = "SourceSerif4_36pt-ExtraBold.ttf"; path = "../assets/fonts/SourceSerif4_36pt-ExtraBold.ttf"; sourceTree = "<group>"; fileEncoding = undefined; lastKnownFileType = unknown; explicitFileType = undefined; includeInIndex = 0; };
		8A9EBDF3DC7C4929A7B7CD92 /* SourceSerif4_36pt-ExtraBoldItalic.ttf */ = {isa = PBXFileReference; name = "SourceSerif4_36pt-ExtraBoldItalic.ttf"; path = "../assets/fonts/SourceSerif4_36pt-ExtraBoldItalic.ttf"; sourceTree = "<group>"; fileEncoding = undefined; lastKnownFileType = unknown; explicitFileType = undefined; includeInIndex = 0; };
		0723402A9569449ABA090BDC /* SourceSerif4_36pt-ExtraLight.ttf */ = {isa = PBXFileReference; name = "SourceSerif4_36pt-ExtraLight.ttf"; path = "../assets/fonts/SourceSerif4_36pt-ExtraLight.ttf"; sourceTree = "<group>"; fileEncoding = undefined; lastKnownFileType = unknown; explicitFileType = undefined; includeInIndex = 0; };
		77363F732E7542CEB2F906AF /* SourceSerif4_36pt-ExtraLightItalic.ttf */ = {isa = PBXFileReference; name = "SourceSerif4_36pt-ExtraLightItalic.ttf"; path = "../assets/fonts/SourceSerif4_36pt-ExtraLightItalic.ttf"; sourceTree = "<group>"; fileEncoding = undefined; lastKnownFileType = unknown; explicitFileType = undefined; includeInIndex = 0; };
		BDEDE83EA007489E8897E519 /* SourceSerif4_36pt-Italic.ttf */ = {isa = PBXFileReference; name = "SourceSerif4_36pt-Italic.ttf"; path = "../assets/fonts/SourceSerif4_36pt-Italic.ttf"; sourceTree = "<group>"; fileEncoding = undefined; lastKnownFileType = unknown; explicitFileType = undefined; includeInIndex = 0; };
		92BDE25323EE4D2BB4EF8A35 /* SourceSerif4_36pt-Light.ttf */ = {isa = PBXFileReference; name = "SourceSerif4_36pt-Light.ttf"; path = "../assets/fonts/SourceSerif4_36pt-Light.ttf"; sourceTree = "<group>"; fileEncoding = undefined; lastKnownFileType = unknown; explicitFileType = undefined; includeInIndex = 0; };
		4845A97EE2704D34B16F110C /* SourceSerif4_36pt-LightItalic.ttf */ = {isa = PBXFileReference; name = "SourceSerif4_36pt-LightItalic.ttf"; path = "../assets/fonts/SourceSerif4_36pt-LightItalic.ttf"; sourceTree = "<group>"; fileEncoding = undefined; lastKnownFileType = unknown; explicitFileType = undefined; includeInIndex = 0; };
		3FC58066E39B454F9075EE9E /* SourceSerif4_36pt-Medium.ttf */ = {isa = PBXFileReference; name = "SourceSerif4_36pt-Medium.ttf"; path = "../assets/fonts/SourceSerif4_36pt-Medium.ttf"; sourceTree = "<group>"; fileEncoding = undefined; lastKnownFileType = unknown; explicitFileType = undefined; includeInIndex = 0; };
		3232AB82404549CDB24AD601 /* SourceSerif4_36pt-MediumItalic.ttf */ = {isa = PBXFileReference; name = "SourceSerif4_36pt-MediumItalic.ttf"; path = "../assets/fonts/SourceSerif4_36pt-MediumItalic.ttf"; sourceTree = "<group>"; fileEncoding = undefined; lastKnownFileType = unknown; explicitFileType = undefined; includeInIndex = 0; };
		4AA991ED52E2491EBF57F58A /* SourceSerif4_36pt-Regular.ttf */ = {isa = PBXFileReference; name = "SourceSerif4_36pt-Regular.ttf"; path = "../assets/fonts/SourceSerif4_36pt-Regular.ttf"; sourceTree = "<group>"; fileEncoding = undefined; lastKnownFileType = unknown; explicitFileType = undefined; includeInIndex = 0; };
		996CF7C838224FE9A33327F7 /* SourceSerif4_36pt-SemiBold.ttf */ = {isa = PBXFileReference; name = "SourceSerif4_36pt-SemiBold.ttf"; path = "../assets/fonts/SourceSerif4_36pt-SemiBold.ttf"; sourceTree = "<group>"; fileEncoding = undefined; lastKnownFileType = unknown; explicitFileType = undefined; includeInIndex = 0; };
		FAE30B6E112241FBB5099B52 /* SourceSerif4_36pt-SemiBoldItalic.ttf */ = {isa = PBXFileReference; name = "SourceSerif4_36pt-SemiBoldItalic.ttf"; path = "../assets/fonts/SourceSerif4_36pt-SemiBoldItalic.ttf"; sourceTree = "<group>"; fileEncoding = undefined; lastKnownFileType = unknown; explicitFileType = undefined; includeInIndex = 0; };
		7B1DA8387C774386B0D1D27C /* SourceSerif4_48pt-Black.ttf */ = {isa = PBXFileReference; name = "SourceSerif4_48pt-Black.ttf"; path = "../assets/fonts/SourceSerif4_48pt-Black.ttf"; sourceTree = "<group>"; fileEncoding = undefined; lastKnownFileType = unknown; explicitFileType = undefined; includeInIndex = 0; };
		C0129C1CA8244F559004CF3A /* SourceSerif4_48pt-BlackItalic.ttf */ = {isa = PBXFileReference; name = "SourceSerif4_48pt-BlackItalic.ttf"; path = "../assets/fonts/SourceSerif4_48pt-BlackItalic.ttf"; sourceTree = "<group>"; fileEncoding = undefined; lastKnownFileType = unknown; explicitFileType = undefined; includeInIndex = 0; };
		561346CC043F4EE9BC4269A6 /* SourceSerif4_48pt-Bold.ttf */ = {isa = PBXFileReference; name = "SourceSerif4_48pt-Bold.ttf"; path = "../assets/fonts/SourceSerif4_48pt-Bold.ttf"; sourceTree = "<group>"; fileEncoding = undefined; lastKnownFileType = unknown; explicitFileType = undefined; includeInIndex = 0; };
		8CB781D72DF14560883181E6 /* SourceSerif4_48pt-BoldItalic.ttf */ = {isa = PBXFileReference; name = "SourceSerif4_48pt-BoldItalic.ttf"; path = "../assets/fonts/SourceSerif4_48pt-BoldItalic.ttf"; sourceTree = "<group>"; fileEncoding = undefined; lastKnownFileType = unknown; explicitFileType = undefined; includeInIndex = 0; };
		A1933FF4C23742EB867156F7 /* SourceSerif4_48pt-ExtraBold.ttf */ = {isa = PBXFileReference; name = "SourceSerif4_48pt-ExtraBold.ttf"; path = "../assets/fonts/SourceSerif4_48pt-ExtraBold.ttf"; sourceTree = "<group>"; fileEncoding = undefined; lastKnownFileType = unknown; explicitFileType = undefined; includeInIndex = 0; };
		93397873757C4A55B167F4EC /* SourceSerif4_48pt-ExtraBoldItalic.ttf */ = {isa = PBXFileReference; name = "SourceSerif4_48pt-ExtraBoldItalic.ttf"; path = "../assets/fonts/SourceSerif4_48pt-ExtraBoldItalic.ttf"; sourceTree = "<group>"; fileEncoding = undefined; lastKnownFileType = unknown; explicitFileType = undefined; includeInIndex = 0; };
		ABD59FCD06D84C5E91B24C47 /* SourceSerif4_48pt-ExtraLight.ttf */ = {isa = PBXFileReference; name = "SourceSerif4_48pt-ExtraLight.ttf"; path = "../assets/fonts/SourceSerif4_48pt-ExtraLight.ttf"; sourceTree = "<group>"; fileEncoding = undefined; lastKnownFileType = unknown; explicitFileType = undefined; includeInIndex = 0; };
		E8A0D32FBC59422E8386DBA7 /* SourceSerif4_48pt-ExtraLightItalic.ttf */ = {isa = PBXFileReference; name = "SourceSerif4_48pt-ExtraLightItalic.ttf"; path = "../assets/fonts/SourceSerif4_48pt-ExtraLightItalic.ttf"; sourceTree = "<group>"; fileEncoding = undefined; lastKnownFileType = unknown; explicitFileType = undefined; includeInIndex = 0; };
		F277F14C79274F8B8E1C62CE /* SourceSerif4_48pt-Italic.ttf */ = {isa = PBXFileReference; name = "SourceSerif4_48pt-Italic.ttf"; path = "../assets/fonts/SourceSerif4_48pt-Italic.ttf"; sourceTree = "<group>"; fileEncoding = undefined; lastKnownFileType = unknown; explicitFileType = undefined; includeInIndex = 0; };
		A89AD7280BA644F790D24FBA /* SourceSerif4_48pt-Light.ttf */ = {isa = PBXFileReference; name = "SourceSerif4_48pt-Light.ttf"; path = "../assets/fonts/SourceSerif4_48pt-Light.ttf"; sourceTree = "<group>"; fileEncoding = undefined; lastKnownFileType = unknown; explicitFileType = undefined; includeInIndex = 0; };
		0BFFF8C2BB39476299E966A9 /* SourceSerif4_48pt-LightItalic.ttf */ = {isa = PBXFileReference; name = "SourceSerif4_48pt-LightItalic.ttf"; path = "../assets/fonts/SourceSerif4_48pt-LightItalic.ttf"; sourceTree = "<group>"; fileEncoding = undefined; lastKnownFileType = unknown; explicitFileType = undefined; includeInIndex = 0; };
		6B4CFCF3771C4F8FBCB3F10D /* SourceSerif4_48pt-Medium.ttf */ = {isa = PBXFileReference; name = "SourceSerif4_48pt-Medium.ttf"; path = "../assets/fonts/SourceSerif4_48pt-Medium.ttf"; sourceTree = "<group>"; fileEncoding = undefined; lastKnownFileType = unknown; explicitFileType = undefined; includeInIndex = 0; };
		5C19AEC6FE8A4408A3276592 /* SourceSerif4_48pt-MediumItalic.ttf */ = {isa = PBXFileReference; name = "SourceSerif4_48pt-MediumItalic.ttf"; path = "../assets/fonts/SourceSerif4_48pt-MediumItalic.ttf"; sourceTree = "<group>"; fileEncoding = undefined; lastKnownFileType = unknown; explicitFileType = undefined; includeInIndex = 0; };
		882D272DAF794EACBD80A334 /* SourceSerif4_48pt-Regular.ttf */ = {isa = PBXFileReference; name = "SourceSerif4_48pt-Regular.ttf"; path = "../assets/fonts/SourceSerif4_48pt-Regular.ttf"; sourceTree = "<group>"; fileEncoding = undefined; lastKnownFileType = unknown; explicitFileType = undefined; includeInIndex = 0; };
		7058DCBC04C6415B8EB1DE4B /* SourceSerif4_48pt-SemiBold.ttf */ = {isa = PBXFileReference; name = "SourceSerif4_48pt-SemiBold.ttf"; path = "../assets/fonts/SourceSerif4_48pt-SemiBold.ttf"; sourceTree = "<group>"; fileEncoding = undefined; lastKnownFileType = unknown; explicitFileType = undefined; includeInIndex = 0; };
		4B293728568C4A8A9BF630DC /* SourceSerif4_48pt-SemiBoldItalic.ttf */ = {isa = PBXFileReference; name = "SourceSerif4_48pt-SemiBoldItalic.ttf"; path = "../assets/fonts/SourceSerif4_48pt-SemiBoldItalic.ttf"; sourceTree = "<group>"; fileEncoding = undefined; lastKnownFileType = unknown; explicitFileType = undefined; includeInIndex = 0; };
/* End PBXFileReference section */

/* Begin PBXFrameworksBuildPhase section */
		00E356EB1AD99517003FC87E /* Frameworks */ = {
			isa = PBXFrameworksBuildPhase;
			buildActionMask = 2147483647;
			files = (
				7699B88040F8A987B510C191 /* libPods-TheCoffeeHouse-TheCoffeeHouseTests.a in Frameworks */,
			);
			runOnlyForDeploymentPostprocessing = 0;
		};
		13B07F8C1A680F5B00A75B9A /* Frameworks */ = {
			isa = PBXFrameworksBuildPhase;
			buildActionMask = 2147483647;
			files = (
				0C80B921A6F3F58F76C31292 /* libPods-TheCoffeeHouse.a in Frameworks */,
			);
			runOnlyForDeploymentPostprocessing = 0;
		};
/* End PBXFrameworksBuildPhase section */

/* Begin PBXGroup section */
		00E356EF1AD99517003FC87E /* TheCoffeeHouseTests */ = {
			isa = PBXGroup;
			children = (
				00E356F21AD99517003FC87E /* TheCoffeeHouseTests.m */,
				00E356F01AD99517003FC87E /* Supporting Files */,
			);
			path = TheCoffeeHouseTests;
			sourceTree = "<group>";
		};
		00E356F01AD99517003FC87E /* Supporting Files */ = {
			isa = PBXGroup;
			children = (
				00E356F11AD99517003FC87E /* Info.plist */,
			);
			name = "Supporting Files";
			sourceTree = "<group>";
		};
		13B07FAE1A68108700A75B9A /* TheCoffeeHouse */ = {
			isa = PBXGroup;
			children = (
				13B07FAF1A68108700A75B9A /* AppDelegate.h */,
				13B07FB01A68108700A75B9A /* AppDelegate.mm */,
				13B07FB51A68108700A75B9A /* Images.xcassets */,
				13B07FB61A68108700A75B9A /* Info.plist */,
				81AB9BB72411601600AC10FF /* LaunchScreen.storyboard */,
				13B07FB71A68108700A75B9A /* main.m */,
			);
			name = TheCoffeeHouse;
			sourceTree = "<group>";
		};
		2D16E6871FA4F8E400B85C8A /* Frameworks */ = {
			isa = PBXGroup;
			children = (
				ED297162215061F000B7C4FE /* JavaScriptCore.framework */,
				5DCACB8F33CDC322A6C60F78 /* libPods-TheCoffeeHouse.a */,
				19F6CBCC0A4E27FBF8BF4A61 /* libPods-TheCoffeeHouse-TheCoffeeHouseTests.a */,
			);
			name = Frameworks;
			sourceTree = "<group>";
		};
		832341AE1AAA6A7D00B99B32 /* Libraries */ = {
			isa = PBXGroup;
			children = (
			);
			name = Libraries;
			sourceTree = "<group>";
		};
		83CBB9F61A601CBA00E9B192 = {
			isa = PBXGroup;
			children = (
				13B07FAE1A68108700A75B9A /* TheCoffeeHouse */,
				832341AE1AAA6A7D00B99B32 /* Libraries */,
				00E356EF1AD99517003FC87E /* TheCoffeeHouseTests */,
				83CBBA001A601CBA00E9B192 /* Products */,
				2D16E6871FA4F8E400B85C8A /* Frameworks */,
				BBD78D7AC51CEA395F1C20DB /* Pods */,
				4B6C0A65993B4EA3B19D3927 /* Resources */,
			);
			indentWidth = 2;
			sourceTree = "<group>";
			tabWidth = 2;
			usesTabs = 0;
		};
		83CBBA001A601CBA00E9B192 /* Products */ = {
			isa = PBXGroup;
			children = (
				13B07F961A680F5B00A75B9A /* TheCoffeeHouse.app */,
				00E356EE1AD99517003FC87E /* TheCoffeeHouseTests.xctest */,
			);
			name = Products;
			sourceTree = "<group>";
		};
		BBD78D7AC51CEA395F1C20DB /* Pods */ = {
			isa = PBXGroup;
			children = (
				3B4392A12AC88292D35C810B /* Pods-TheCoffeeHouse.debug.xcconfig */,
				5709B34CF0A7D63546082F79 /* Pods-TheCoffeeHouse.release.xcconfig */,
				5B7EB9410499542E8C5724F5 /* Pods-TheCoffeeHouse-TheCoffeeHouseTests.debug.xcconfig */,
				89C6BE57DB24E9ADA2F236DE /* Pods-TheCoffeeHouse-TheCoffeeHouseTests.release.xcconfig */,
			);
			path = Pods;
			sourceTree = "<group>";
		};
		4B6C0A65993B4EA3B19D3927 /* Resources */ = {
			isa = "PBXGroup";
			children = (
				95122B888DBD4C7292D7D43F /* SourceSerif4-Black.ttf */,
				7A270BE2A04A49FAAA65F8C9 /* SourceSerif4-BlackItalic.ttf */,
				764A83FC09294589890A0825 /* SourceSerif4-Bold.ttf */,
				128AE7E2227C429AA9556162 /* SourceSerif4-BoldItalic.ttf */,
				3D9BE038EC304D8C8A121C2E /* SourceSerif4-ExtraBold.ttf */,
				10A097F0616B42E6BFF49ACB /* SourceSerif4-ExtraBoldItalic.ttf */,
				2268854F52BE4033A8E0D7D1 /* SourceSerif4-ExtraLight.ttf */,
				600F52B3A7C84289931C2241 /* SourceSerif4-ExtraLightItalic.ttf */,
				67C0A433B77343B4A0E62EC7 /* SourceSerif4-Italic.ttf */,
				4ABD2EC04A62496EB71D8ED8 /* SourceSerif4-Light.ttf */,
				9EFF2A74E1554CB68E09BC90 /* SourceSerif4-LightItalic.ttf */,
				6FF182D5D36240359AA730C9 /* SourceSerif4-Medium.ttf */,
				799F26D957114233A306A725 /* SourceSerif4-MediumItalic.ttf */,
				DFEED923EA424459B4B7D29E /* SourceSerif4-Regular.ttf */,
				161A53FD2A0B43AF80ABD3C6 /* SourceSerif4-SemiBold.ttf */,
				A42A33EE27A24924AD341C9D /* SourceSerif4-SemiBoldItalic.ttf */,
				D24BD6FEF8BD4A8D92212387 /* SourceSerif4_18pt-Black.ttf */,
				056863AE897A4DC2B9916E54 /* SourceSerif4_18pt-BlackItalic.ttf */,
				DE94E9EC324A417CA4705B58 /* SourceSerif4_18pt-Bold.ttf */,
				2E547E2FD973401F8D5C5B51 /* SourceSerif4_18pt-BoldItalic.ttf */,
				2A4C008B550D4DA7B2161522 /* SourceSerif4_18pt-ExtraBold.ttf */,
				5F2F8D0C96474DEBBF75B329 /* SourceSerif4_18pt-ExtraBoldItalic.ttf */,
				E29BCCF826124D1688D995C3 /* SourceSerif4_18pt-ExtraLight.ttf */,
				80755A82D18E4BD0A2E9D304 /* SourceSerif4_18pt-ExtraLightItalic.ttf */,
				38BE4E287B0B4BB59ED3833C /* SourceSerif4_18pt-Italic.ttf */,
				A0A580ECC18646D7A0977193 /* SourceSerif4_18pt-Light.ttf */,
				80CB5682E62D476A8231E710 /* SourceSerif4_18pt-LightItalic.ttf */,
				C829B98915004FE386DC2D64 /* SourceSerif4_18pt-Medium.ttf */,
				6320C22B2C204D8785159A37 /* SourceSerif4_18pt-MediumItalic.ttf */,
				DA28F3A3D96B46A6A3E13447 /* SourceSerif4_18pt-Regular.ttf */,
				A4D12482AD5042CDA6FD529A /* SourceSerif4_18pt-SemiBold.ttf */,
				E4530C29A76440A1974538AB /* SourceSerif4_18pt-SemiBoldItalic.ttf */,
				CD6C483A1BF14D1B8490AED7 /* SourceSerif4_36pt-Black.ttf */,
				3CF4DDFDA34E4CA1BD7BF080 /* SourceSerif4_36pt-BlackItalic.ttf */,
				2C52A39ECA834229849F475F /* SourceSerif4_36pt-Bold.ttf */,
				AF7469ECDE7B41709ECD57B6 /* SourceSerif4_36pt-BoldItalic.ttf */,
				E0CC8181112440279A173572 /* SourceSerif4_36pt-ExtraBold.ttf */,
				8A9EBDF3DC7C4929A7B7CD92 /* SourceSerif4_36pt-ExtraBoldItalic.ttf */,
				0723402A9569449ABA090BDC /* SourceSerif4_36pt-ExtraLight.ttf */,
				77363F732E7542CEB2F906AF /* SourceSerif4_36pt-ExtraLightItalic.ttf */,
				BDEDE83EA007489E8897E519 /* SourceSerif4_36pt-Italic.ttf */,
				92BDE25323EE4D2BB4EF8A35 /* SourceSerif4_36pt-Light.ttf */,
				4845A97EE2704D34B16F110C /* SourceSerif4_36pt-LightItalic.ttf */,
				3FC58066E39B454F9075EE9E /* SourceSerif4_36pt-Medium.ttf */,
				3232AB82404549CDB24AD601 /* SourceSerif4_36pt-MediumItalic.ttf */,
				4AA991ED52E2491EBF57F58A /* SourceSerif4_36pt-Regular.ttf */,
				996CF7C838224FE9A33327F7 /* SourceSerif4_36pt-SemiBold.ttf */,
				FAE30B6E112241FBB5099B52 /* SourceSerif4_36pt-SemiBoldItalic.ttf */,
				7B1DA8387C774386B0D1D27C /* SourceSerif4_48pt-Black.ttf */,
				C0129C1CA8244F559004CF3A /* SourceSerif4_48pt-BlackItalic.ttf */,
				561346CC043F4EE9BC4269A6 /* SourceSerif4_48pt-Bold.ttf */,
				8CB781D72DF14560883181E6 /* SourceSerif4_48pt-BoldItalic.ttf */,
				A1933FF4C23742EB867156F7 /* SourceSerif4_48pt-ExtraBold.ttf */,
				93397873757C4A55B167F4EC /* SourceSerif4_48pt-ExtraBoldItalic.ttf */,
				ABD59FCD06D84C5E91B24C47 /* SourceSerif4_48pt-ExtraLight.ttf */,
				E8A0D32FBC59422E8386DBA7 /* SourceSerif4_48pt-ExtraLightItalic.ttf */,
				F277F14C79274F8B8E1C62CE /* SourceSerif4_48pt-Italic.ttf */,
				A89AD7280BA644F790D24FBA /* SourceSerif4_48pt-Light.ttf */,
				0BFFF8C2BB39476299E966A9 /* SourceSerif4_48pt-LightItalic.ttf */,
				6B4CFCF3771C4F8FBCB3F10D /* SourceSerif4_48pt-Medium.ttf */,
				5C19AEC6FE8A4408A3276592 /* SourceSerif4_48pt-MediumItalic.ttf */,
				882D272DAF794EACBD80A334 /* SourceSerif4_48pt-Regular.ttf */,
				7058DCBC04C6415B8EB1DE4B /* SourceSerif4_48pt-SemiBold.ttf */,
				4B293728568C4A8A9BF630DC /* SourceSerif4_48pt-SemiBoldItalic.ttf */,
			);
			name = Resources;
			sourceTree = "<group>";
			path = "";
		};
/* End PBXGroup section */

/* Begin PBXNativeTarget section */
		00E356ED1AD99517003FC87E /* TheCoffeeHouseTests */ = {
			isa = PBXNativeTarget;
			buildConfigurationList = 00E357021AD99517003FC87E /* Build configuration list for PBXNativeTarget "TheCoffeeHouseTests" */;
			buildPhases = (
				A55EABD7B0C7F3A422A6CC61 /* [CP] Check Pods Manifest.lock */,
				00E356EA1AD99517003FC87E /* Sources */,
				00E356EB1AD99517003FC87E /* Frameworks */,
				00E356EC1AD99517003FC87E /* Resources */,
				C59DA0FBD6956966B86A3779 /* [CP] Embed Pods Frameworks */,
				F6A41C54EA430FDDC6A6ED99 /* [CP] Copy Pods Resources */,
			);
			buildRules = (
			);
			dependencies = (
				00E356F51AD99517003FC87E /* PBXTargetDependency */,
			);
			name = TheCoffeeHouseTests;
			productName = TheCoffeeHouseTests;
			productReference = 00E356EE1AD99517003FC87E /* TheCoffeeHouseTests.xctest */;
			productType = "com.apple.product-type.bundle.unit-test";
		};
		13B07F861A680F5B00A75B9A /* TheCoffeeHouse */ = {
			isa = PBXNativeTarget;
			buildConfigurationList = 13B07F931A680F5B00A75B9A /* Build configuration list for PBXNativeTarget "TheCoffeeHouse" */;
			buildPhases = (
				C38B50BA6285516D6DCD4F65 /* [CP] Check Pods Manifest.lock */,
				FD10A7F022414F080027D42C /* Start Packager */,
				13B07F871A680F5B00A75B9A /* Sources */,
				13B07F8C1A680F5B00A75B9A /* Frameworks */,
				13B07F8E1A680F5B00A75B9A /* Resources */,
				00DD1BFF1BD5951E006B06BC /* Bundle React Native code and images */,
				00EEFC60759A1932668264C0 /* [CP] Embed Pods Frameworks */,
				E235C05ADACE081382539298 /* [CP] Copy Pods Resources */,
			);
			buildRules = (
			);
			dependencies = (
			);
			name = TheCoffeeHouse;
			productName = TheCoffeeHouse;
			productReference = 13B07F961A680F5B00A75B9A /* TheCoffeeHouse.app */;
			productType = "com.apple.product-type.application";
		};
/* End PBXNativeTarget section */

/* Begin PBXProject section */
		83CBB9F71A601CBA00E9B192 /* Project object */ = {
			isa = PBXProject;
			attributes = {
				LastUpgradeCheck = 1210;
				TargetAttributes = {
					00E356ED1AD99517003FC87E = {
						CreatedOnToolsVersion = 6.2;
						TestTargetID = 13B07F861A680F5B00A75B9A;
					};
					13B07F861A680F5B00A75B9A = {
						LastSwiftMigration = 1120;
					};
				};
			};
			buildConfigurationList = 83CBB9FA1A601CBA00E9B192 /* Build configuration list for PBXProject "TheCoffeeHouse" */;
			compatibilityVersion = "Xcode 12.0";
			developmentRegion = en;
			hasScannedForEncodings = 0;
			knownRegions = (
				en,
				Base,
			);
			mainGroup = 83CBB9F61A601CBA00E9B192;
			productRefGroup = 83CBBA001A601CBA00E9B192 /* Products */;
			projectDirPath = "";
			projectRoot = "";
			targets = (
				13B07F861A680F5B00A75B9A /* TheCoffeeHouse */,
				00E356ED1AD99517003FC87E /* TheCoffeeHouseTests */,
			);
		};
/* End PBXProject section */

/* Begin PBXResourcesBuildPhase section */
		00E356EC1AD99517003FC87E /* Resources */ = {
			isa = PBXResourcesBuildPhase;
			buildActionMask = 2147483647;
			files = (
			);
			runOnlyForDeploymentPostprocessing = 0;
		};
		13B07F8E1A680F5B00A75B9A /* Resources */ = {
			isa = PBXResourcesBuildPhase;
			buildActionMask = 2147483647;
			files = (
				81AB9BB82411601600AC10FF /* LaunchScreen.storyboard in Resources */,
				13B07FBF1A68108700A75B9A /* Images.xcassets in Resources */,
				F52ADEEB4A6344AC96940D71 /* SourceSerif4-Black.ttf in Resources */,
				39293E15C02844BCAA367577 /* SourceSerif4-BlackItalic.ttf in Resources */,
				8A6F93660EC74AA7BD4AE7F4 /* SourceSerif4-Bold.ttf in Resources */,
				F2E084F21A8E4557A487C788 /* SourceSerif4-BoldItalic.ttf in Resources */,
				151C29373EFD4DA28DC21B32 /* SourceSerif4-ExtraBold.ttf in Resources */,
				C137C7C238CF47C3A80BEC85 /* SourceSerif4-ExtraBoldItalic.ttf in Resources */,
				C5A51D1EACE543919C826CFF /* SourceSerif4-ExtraLight.ttf in Resources */,
				537BCC7C4B6D49CF95CFF686 /* SourceSerif4-ExtraLightItalic.ttf in Resources */,
				DA8229D37DEE48D8B9350435 /* SourceSerif4-Italic.ttf in Resources */,
				843054323BB04A6D9793B320 /* SourceSerif4-Light.ttf in Resources */,
				627FBD327DD048E08C045DEF /* SourceSerif4-LightItalic.ttf in Resources */,
				A04585E13E9E47EB8E3A9DBE /* SourceSerif4-Medium.ttf in Resources */,
				87AC45248916401FA3AC38C5 /* SourceSerif4-MediumItalic.ttf in Resources */,
				77AB0F1C8227455D85552935 /* SourceSerif4-Regular.ttf in Resources */,
				C63EE10489B74A2490D8EA95 /* SourceSerif4-SemiBold.ttf in Resources */,
				9565D43410B54D308304BCA8 /* SourceSerif4-SemiBoldItalic.ttf in Resources */,
				E5BEF619AA734136B5FE5320 /* SourceSerif4_18pt-Black.ttf in Resources */,
				599D6C7D74E640D2BF3FBC37 /* SourceSerif4_18pt-BlackItalic.ttf in Resources */,
				57245AB4C0F24A3894B464E6 /* SourceSerif4_18pt-Bold.ttf in Resources */,
				3770DAE95E4D47A58D5FFE64 /* SourceSerif4_18pt-BoldItalic.ttf in Resources */,
				CAF2F4DB2A704C459A158F06 /* SourceSerif4_18pt-ExtraBold.ttf in Resources */,
				361637C0DDF84EA6A0F8A3A4 /* SourceSerif4_18pt-ExtraBoldItalic.ttf in Resources */,
				3C403B3996954E1FA2C2157B /* SourceSerif4_18pt-ExtraLight.ttf in Resources */,
				A681B89DD09C43378FCD734B /* SourceSerif4_18pt-ExtraLightItalic.ttf in Resources */,
				40FCD5740722446880F274F6 /* SourceSerif4_18pt-Italic.ttf in Resources */,
				918BE2CBC69E46528D6E9993 /* SourceSerif4_18pt-Light.ttf in Resources */,
				F3B81BCA051D4F5DA0C9EABA /* SourceSerif4_18pt-LightItalic.ttf in Resources */,
				6C83ED21A6C4422193CB939D /* SourceSerif4_18pt-Medium.ttf in Resources */,
				FE40E8A103744648839E72E2 /* SourceSerif4_18pt-MediumItalic.ttf in Resources */,
				E9658A9C2D9E4660A9872EE4 /* SourceSerif4_18pt-Regular.ttf in Resources */,
				B8E8F20AEC234AA59C3889AC /* SourceSerif4_18pt-SemiBold.ttf in Resources */,
				FAF831C1862E484D9760A41D /* SourceSerif4_18pt-SemiBoldItalic.ttf in Resources */,
				EB6F18FDCA664054A3ED1186 /* SourceSerif4_36pt-Black.ttf in Resources */,
				3340CC327E4F44768DC75B41 /* SourceSerif4_36pt-BlackItalic.ttf in Resources */,
				F896140B53EE4D6DA1EE51CA /* SourceSerif4_36pt-Bold.ttf in Resources */,
				568E50E98E3745C4A0CCB8AB /* SourceSerif4_36pt-BoldItalic.ttf in Resources */,
				99FF796636BE4E428D465ECE /* SourceSerif4_36pt-ExtraBold.ttf in Resources */,
				4A50E81840934749B8777245 /* SourceSerif4_36pt-ExtraBoldItalic.ttf in Resources */,
				3FA094A431C74B7591C318FF /* SourceSerif4_36pt-ExtraLight.ttf in Resources */,
				A377B153661C4869B214275E /* SourceSerif4_36pt-ExtraLightItalic.ttf in Resources */,
				305E9CEA8D8A46CD9A3626F6 /* SourceSerif4_36pt-Italic.ttf in Resources */,
				89157CE45DC646B7A404E987 /* SourceSerif4_36pt-Light.ttf in Resources */,
				BFD91C6E40FC4FBF86B01DA4 /* SourceSerif4_36pt-LightItalic.ttf in Resources */,
				54756E3A63C94306920898B5 /* SourceSerif4_36pt-Medium.ttf in Resources */,
				46AC7CAE325E43A1B6AA00B9 /* SourceSerif4_36pt-MediumItalic.ttf in Resources */,
				7BC223E00FE84A7794D5462B /* SourceSerif4_36pt-Regular.ttf in Resources */,
				F7E23015D2314C91A4DAC4ED /* SourceSerif4_36pt-SemiBold.ttf in Resources */,
				6447BEA5C9964520BB12078C /* SourceSerif4_36pt-SemiBoldItalic.ttf in Resources */,
				EF7C99E3B370453A899145EA /* SourceSerif4_48pt-Black.ttf in Resources */,
				2B7AF726067249129C8CB831 /* SourceSerif4_48pt-BlackItalic.ttf in Resources */,
				73D62BCB6A2B405F954791A2 /* SourceSerif4_48pt-Bold.ttf in Resources */,
				A40CB5F81A2A489897C2F932 /* SourceSerif4_48pt-BoldItalic.ttf in Resources */,
				16464914F00C42AFB29814CD /* SourceSerif4_48pt-ExtraBold.ttf in Resources */,
				4162DAE7132D43609536E54E /* SourceSerif4_48pt-ExtraBoldItalic.ttf in Resources */,
				46B4C66154294A868AA70D4F /* SourceSerif4_48pt-ExtraLight.ttf in Resources */,
				3E5761B5FA7042478655FF13 /* SourceSerif4_48pt-ExtraLightItalic.ttf in Resources */,
				04229B4C58D5439286084C5F /* SourceSerif4_48pt-Italic.ttf in Resources */,
				BEC4CA194815489293013CF7 /* SourceSerif4_48pt-Light.ttf in Resources */,
				E4CD0CC112844223BCCA5E1B /* SourceSerif4_48pt-LightItalic.ttf in Resources */,
				60333EDC9E9A43BB938AE60F /* SourceSerif4_48pt-Medium.ttf in Resources */,
				135C4BD54A8F4E6289A32E83 /* SourceSerif4_48pt-MediumItalic.ttf in Resources */,
				1E5CD77054314EDB8A0D7FBA /* SourceSerif4_48pt-Regular.ttf in Resources */,
				730DA7DF1D714ACCB7BEA966 /* SourceSerif4_48pt-SemiBold.ttf in Resources */,
				C6C3CEC6E42843A3A8EF7A49 /* SourceSerif4_48pt-SemiBoldItalic.ttf in Resources */,
			);
			runOnlyForDeploymentPostprocessing = 0;
		};
/* End PBXResourcesBuildPhase section */

/* Begin PBXShellScriptBuildPhase section */
		00DD1BFF1BD5951E006B06BC /* Bundle React Native code and images */ = {
			isa = PBXShellScriptBuildPhase;
			buildActionMask = 2147483647;
			files = (
			);
			inputPaths = (
				"$(SRCROOT)/.xcode.env.local",
				"$(SRCROOT)/.xcode.env",
			);
			name = "Bundle React Native code and images";
			outputPaths = (
			);
			runOnlyForDeploymentPostprocessing = 0;
			shellPath = /bin/sh;
			shellScript = "set -e\n\nWITH_ENVIRONMENT=\"../node_modules/react-native/scripts/xcode/with-environment.sh\"\nREACT_NATIVE_XCODE=\"../node_modules/react-native/scripts/react-native-xcode.sh\"\n\n/bin/sh -c \"$WITH_ENVIRONMENT $REACT_NATIVE_XCODE\"\n";
		};
		00EEFC60759A1932668264C0 /* [CP] Embed Pods Frameworks */ = {
			isa = PBXShellScriptBuildPhase;
			buildActionMask = 2147483647;
			files = (
			);
			inputFileListPaths = (
				"${PODS_ROOT}/Target Support Files/Pods-TheCoffeeHouse/Pods-TheCoffeeHouse-frameworks-${CONFIGURATION}-input-files.xcfilelist",
			);
			name = "[CP] Embed Pods Frameworks";
			outputFileListPaths = (
				"${PODS_ROOT}/Target Support Files/Pods-TheCoffeeHouse/Pods-TheCoffeeHouse-frameworks-${CONFIGURATION}-output-files.xcfilelist",
			);
			runOnlyForDeploymentPostprocessing = 0;
			shellPath = /bin/sh;
			shellScript = "\"${PODS_ROOT}/Target Support Files/Pods-TheCoffeeHouse/Pods-TheCoffeeHouse-frameworks.sh\"\n";
			showEnvVarsInLog = 0;
		};
		A55EABD7B0C7F3A422A6CC61 /* [CP] Check Pods Manifest.lock */ = {
			isa = PBXShellScriptBuildPhase;
			buildActionMask = 2147483647;
			files = (
			);
			inputFileListPaths = (
			);
			inputPaths = (
				"${PODS_PODFILE_DIR_PATH}/Podfile.lock",
				"${PODS_ROOT}/Manifest.lock",
			);
			name = "[CP] Check Pods Manifest.lock";
			outputFileListPaths = (
			);
			outputPaths = (
				"$(DERIVED_FILE_DIR)/Pods-TheCoffeeHouse-TheCoffeeHouseTests-checkManifestLockResult.txt",
			);
			runOnlyForDeploymentPostprocessing = 0;
			shellPath = /bin/sh;
			shellScript = "diff \"${PODS_PODFILE_DIR_PATH}/Podfile.lock\" \"${PODS_ROOT}/Manifest.lock\" > /dev/null\nif [ $? != 0 ] ; then\n    # print error to STDERR\n    echo \"error: The sandbox is not in sync with the Podfile.lock. Run 'pod install' or update your CocoaPods installation.\" >&2\n    exit 1\nfi\n# This output is used by Xcode 'outputs' to avoid re-running this script phase.\necho \"SUCCESS\" > \"${SCRIPT_OUTPUT_FILE_0}\"\n";
			showEnvVarsInLog = 0;
		};
		C38B50BA6285516D6DCD4F65 /* [CP] Check Pods Manifest.lock */ = {
			isa = PBXShellScriptBuildPhase;
			buildActionMask = 2147483647;
			files = (
			);
			inputFileListPaths = (
			);
			inputPaths = (
				"${PODS_PODFILE_DIR_PATH}/Podfile.lock",
				"${PODS_ROOT}/Manifest.lock",
			);
			name = "[CP] Check Pods Manifest.lock";
			outputFileListPaths = (
			);
			outputPaths = (
				"$(DERIVED_FILE_DIR)/Pods-TheCoffeeHouse-checkManifestLockResult.txt",
			);
			runOnlyForDeploymentPostprocessing = 0;
			shellPath = /bin/sh;
			shellScript = "diff \"${PODS_PODFILE_DIR_PATH}/Podfile.lock\" \"${PODS_ROOT}/Manifest.lock\" > /dev/null\nif [ $? != 0 ] ; then\n    # print error to STDERR\n    echo \"error: The sandbox is not in sync with the Podfile.lock. Run 'pod install' or update your CocoaPods installation.\" >&2\n    exit 1\nfi\n# This output is used by Xcode 'outputs' to avoid re-running this script phase.\necho \"SUCCESS\" > \"${SCRIPT_OUTPUT_FILE_0}\"\n";
			showEnvVarsInLog = 0;
		};
		C59DA0FBD6956966B86A3779 /* [CP] Embed Pods Frameworks */ = {
			isa = PBXShellScriptBuildPhase;
			buildActionMask = 2147483647;
			files = (
			);
			inputFileListPaths = (
				"${PODS_ROOT}/Target Support Files/Pods-TheCoffeeHouse-TheCoffeeHouseTests/Pods-TheCoffeeHouse-TheCoffeeHouseTests-frameworks-${CONFIGURATION}-input-files.xcfilelist",
			);
			name = "[CP] Embed Pods Frameworks";
			outputFileListPaths = (
				"${PODS_ROOT}/Target Support Files/Pods-TheCoffeeHouse-TheCoffeeHouseTests/Pods-TheCoffeeHouse-TheCoffeeHouseTests-frameworks-${CONFIGURATION}-output-files.xcfilelist",
			);
			runOnlyForDeploymentPostprocessing = 0;
			shellPath = /bin/sh;
			shellScript = "\"${PODS_ROOT}/Target Support Files/Pods-TheCoffeeHouse-TheCoffeeHouseTests/Pods-TheCoffeeHouse-TheCoffeeHouseTests-frameworks.sh\"\n";
			showEnvVarsInLog = 0;
		};
		E235C05ADACE081382539298 /* [CP] Copy Pods Resources */ = {
			isa = PBXShellScriptBuildPhase;
			buildActionMask = 2147483647;
			files = (
			);
			inputFileListPaths = (
				"${PODS_ROOT}/Target Support Files/Pods-TheCoffeeHouse/Pods-TheCoffeeHouse-resources-${CONFIGURATION}-input-files.xcfilelist",
			);
			name = "[CP] Copy Pods Resources";
			outputFileListPaths = (
				"${PODS_ROOT}/Target Support Files/Pods-TheCoffeeHouse/Pods-TheCoffeeHouse-resources-${CONFIGURATION}-output-files.xcfilelist",
			);
			runOnlyForDeploymentPostprocessing = 0;
			shellPath = /bin/sh;
			shellScript = "\"${PODS_ROOT}/Target Support Files/Pods-TheCoffeeHouse/Pods-TheCoffeeHouse-resources.sh\"\n";
			showEnvVarsInLog = 0;
		};
		F6A41C54EA430FDDC6A6ED99 /* [CP] Copy Pods Resources */ = {
			isa = PBXShellScriptBuildPhase;
			buildActionMask = 2147483647;
			files = (
			);
			inputFileListPaths = (
				"${PODS_ROOT}/Target Support Files/Pods-TheCoffeeHouse-TheCoffeeHouseTests/Pods-TheCoffeeHouse-TheCoffeeHouseTests-resources-${CONFIGURATION}-input-files.xcfilelist",
			);
			name = "[CP] Copy Pods Resources";
			outputFileListPaths = (
				"${PODS_ROOT}/Target Support Files/Pods-TheCoffeeHouse-TheCoffeeHouseTests/Pods-TheCoffeeHouse-TheCoffeeHouseTests-resources-${CONFIGURATION}-output-files.xcfilelist",
			);
			runOnlyForDeploymentPostprocessing = 0;
			shellPath = /bin/sh;
			shellScript = "\"${PODS_ROOT}/Target Support Files/Pods-TheCoffeeHouse-TheCoffeeHouseTests/Pods-TheCoffeeHouse-TheCoffeeHouseTests-resources.sh\"\n";
			showEnvVarsInLog = 0;
		};
		FD10A7F022414F080027D42C /* Start Packager */ = {
			isa = PBXShellScriptBuildPhase;
			buildActionMask = 2147483647;
			files = (
			);
			inputFileListPaths = (
			);
			inputPaths = (
			);
			name = "Start Packager";
			outputFileListPaths = (
			);
			outputPaths = (
			);
			runOnlyForDeploymentPostprocessing = 0;
			shellPath = /bin/sh;
			shellScript = "export RCT_METRO_PORT=\"${RCT_METRO_PORT:=8081}\"\necho \"export RCT_METRO_PORT=${RCT_METRO_PORT}\" > \"${SRCROOT}/../node_modules/react-native/scripts/.packager.env\"\nif [ -z \"${RCT_NO_LAUNCH_PACKAGER+xxx}\" ] ; then\n  if nc -w 5 -z localhost ${RCT_METRO_PORT} ; then\n    if ! curl -s \"http://localhost:${RCT_METRO_PORT}/status\" | grep -q \"packager-status:running\" ; then\n      echo \"Port ${RCT_METRO_PORT} already in use, packager is either not running or not running correctly\"\n      exit 2\n    fi\n  else\n    open \"$SRCROOT/../node_modules/react-native/scripts/launchPackager.command\" || echo \"Can't start packager automatically\"\n  fi\nfi\n";
			showEnvVarsInLog = 0;
		};
/* End PBXShellScriptBuildPhase section */

/* Begin PBXSourcesBuildPhase section */
		00E356EA1AD99517003FC87E /* Sources */ = {
			isa = PBXSourcesBuildPhase;
			buildActionMask = 2147483647;
			files = (
				00E356F31AD99517003FC87E /* TheCoffeeHouseTests.m in Sources */,
			);
			runOnlyForDeploymentPostprocessing = 0;
		};
		13B07F871A680F5B00A75B9A /* Sources */ = {
			isa = PBXSourcesBuildPhase;
			buildActionMask = 2147483647;
			files = (
				13B07FBC1A68108700A75B9A /* AppDelegate.mm in Sources */,
				13B07FC11A68108700A75B9A /* main.m in Sources */,
			);
			runOnlyForDeploymentPostprocessing = 0;
		};
/* End PBXSourcesBuildPhase section */

/* Begin PBXTargetDependency section */
		00E356F51AD99517003FC87E /* PBXTargetDependency */ = {
			isa = PBXTargetDependency;
			target = 13B07F861A680F5B00A75B9A /* TheCoffeeHouse */;
			targetProxy = 00E356F41AD99517003FC87E /* PBXContainerItemProxy */;
		};
/* End PBXTargetDependency section */

/* Begin XCBuildConfiguration section */
		00E356F61AD99517003FC87E /* Debug */ = {
			isa = XCBuildConfiguration;
			baseConfigurationReference = 5B7EB9410499542E8C5724F5 /* Pods-TheCoffeeHouse-TheCoffeeHouseTests.debug.xcconfig */;
			buildSettings = {
				BUNDLE_LOADER = "$(TEST_HOST)";
				GCC_PREPROCESSOR_DEFINITIONS = (
					"DEBUG=1",
					"$(inherited)",
				);
				INFOPLIST_FILE = TheCoffeeHouseTests/Info.plist;
				IPHONEOS_DEPLOYMENT_TARGET = 12.4;
				LD_RUNPATH_SEARCH_PATHS = (
					"$(inherited)",
					"@executable_path/Frameworks",
					"@loader_path/Frameworks",
				);
				OTHER_LDFLAGS = (
					"-ObjC",
					"-lc++",
					"$(inherited)",
				);
				PRODUCT_BUNDLE_IDENTIFIER = "org.reactjs.native.example.$(PRODUCT_NAME:rfc1034identifier)";
				PRODUCT_NAME = "$(TARGET_NAME)";
				TEST_HOST = "$(BUILT_PRODUCTS_DIR)/TheCoffeeHouse.app/TheCoffeeHouse";
			};
			name = Debug;
		};
		00E356F71AD99517003FC87E /* Release */ = {
			isa = XCBuildConfiguration;
			baseConfigurationReference = 89C6BE57DB24E9ADA2F236DE /* Pods-TheCoffeeHouse-TheCoffeeHouseTests.release.xcconfig */;
			buildSettings = {
				BUNDLE_LOADER = "$(TEST_HOST)";
				COPY_PHASE_STRIP = NO;
				INFOPLIST_FILE = TheCoffeeHouseTests/Info.plist;
				IPHONEOS_DEPLOYMENT_TARGET = 12.4;
				LD_RUNPATH_SEARCH_PATHS = (
					"$(inherited)",
					"@executable_path/Frameworks",
					"@loader_path/Frameworks",
				);
				OTHER_LDFLAGS = (
					"-ObjC",
					"-lc++",
					"$(inherited)",
				);
				PRODUCT_BUNDLE_IDENTIFIER = "org.reactjs.native.example.$(PRODUCT_NAME:rfc1034identifier)";
				PRODUCT_NAME = "$(TARGET_NAME)";
				TEST_HOST = "$(BUILT_PRODUCTS_DIR)/TheCoffeeHouse.app/TheCoffeeHouse";
			};
			name = Release;
		};
		13B07F941A680F5B00A75B9A /* Debug */ = {
			isa = XCBuildConfiguration;
			baseConfigurationReference = 3B4392A12AC88292D35C810B /* Pods-TheCoffeeHouse.debug.xcconfig */;
			buildSettings = {
				ASSETCATALOG_COMPILER_APPICON_NAME = AppIcon;
				CLANG_ENABLE_MODULES = YES;
				CURRENT_PROJECT_VERSION = 1;
				ENABLE_BITCODE = NO;
				INFOPLIST_FILE = TheCoffeeHouse/Info.plist;
				LD_RUNPATH_SEARCH_PATHS = (
					"$(inherited)",
					"@executable_path/Frameworks",
				);
				MARKETING_VERSION = 1.0;
				OTHER_LDFLAGS = (
					"$(inherited)",
					"-ObjC",
					"-lc++",
				);
				PRODUCT_BUNDLE_IDENTIFIER = "org.reactjs.native.example.$(PRODUCT_NAME:rfc1034identifier)";
				PRODUCT_NAME = TheCoffeeHouse;
				SWIFT_OPTIMIZATION_LEVEL = "-Onone";
				SWIFT_VERSION = 5.0;
				VERSIONING_SYSTEM = "apple-generic";
			};
			name = Debug;
		};
		13B07F951A680F5B00A75B9A /* Release */ = {
			isa = XCBuildConfiguration;
			baseConfigurationReference = 5709B34CF0A7D63546082F79 /* Pods-TheCoffeeHouse.release.xcconfig */;
			buildSettings = {
				ASSETCATALOG_COMPILER_APPICON_NAME = AppIcon;
				CLANG_ENABLE_MODULES = YES;
				CURRENT_PROJECT_VERSION = 1;
				INFOPLIST_FILE = TheCoffeeHouse/Info.plist;
				LD_RUNPATH_SEARCH_PATHS = (
					"$(inherited)",
					"@executable_path/Frameworks",
				);
				MARKETING_VERSION = 1.0;
				OTHER_LDFLAGS = (
					"$(inherited)",
					"-ObjC",
					"-lc++",
				);
				PRODUCT_BUNDLE_IDENTIFIER = "org.reactjs.native.example.$(PRODUCT_NAME:rfc1034identifier)";
				PRODUCT_NAME = TheCoffeeHouse;
				SWIFT_VERSION = 5.0;
				VERSIONING_SYSTEM = "apple-generic";
			};
			name = Release;
		};
		83CBBA201A601CBA00E9B192 /* Debug */ = {
			isa = XCBuildConfiguration;
			buildSettings = {
				ALWAYS_SEARCH_USER_PATHS = NO;
				CLANG_ANALYZER_LOCALIZABILITY_NONLOCALIZED = YES;
				CLANG_CXX_LANGUAGE_STANDARD = "c++17";
				CLANG_CXX_LIBRARY = "libc++";
				CLANG_ENABLE_MODULES = YES;
				CLANG_ENABLE_OBJC_ARC = YES;
				CLANG_WARN_BLOCK_CAPTURE_AUTORELEASING = YES;
				CLANG_WARN_BOOL_CONVERSION = YES;
				CLANG_WARN_COMMA = YES;
				CLANG_WARN_CONSTANT_CONVERSION = YES;
				CLANG_WARN_DEPRECATED_OBJC_IMPLEMENTATIONS = YES;
				CLANG_WARN_DIRECT_OBJC_ISA_USAGE = YES_ERROR;
				CLANG_WARN_EMPTY_BODY = YES;
				CLANG_WARN_ENUM_CONVERSION = YES;
				CLANG_WARN_INFINITE_RECURSION = YES;
				CLANG_WARN_INT_CONVERSION = YES;
				CLANG_WARN_NON_LITERAL_NULL_CONVERSION = YES;
				CLANG_WARN_OBJC_IMPLICIT_RETAIN_SELF = YES;
				CLANG_WARN_OBJC_LITERAL_CONVERSION = YES;
				CLANG_WARN_OBJC_ROOT_CLASS = YES_ERROR;
				CLANG_WARN_QUOTED_INCLUDE_IN_FRAMEWORK_HEADER = YES;
				CLANG_WARN_RANGE_LOOP_ANALYSIS = YES;
				CLANG_WARN_STRICT_PROTOTYPES = YES;
				CLANG_WARN_SUSPICIOUS_MOVE = YES;
				CLANG_WARN_UNREACHABLE_CODE = YES;
				CLANG_WARN__DUPLICATE_METHOD_MATCH = YES;
				"CODE_SIGN_IDENTITY[sdk=iphoneos*]" = "iPhone Developer";
				COPY_PHASE_STRIP = NO;
				ENABLE_STRICT_OBJC_MSGSEND = YES;
				ENABLE_TESTABILITY = YES;
				"EXCLUDED_ARCHS[sdk=iphonesimulator*]" = "";
				GCC_C_LANGUAGE_STANDARD = gnu99;
				GCC_DYNAMIC_NO_PIC = NO;
				GCC_NO_COMMON_BLOCKS = YES;
				GCC_OPTIMIZATION_LEVEL = 0;
				GCC_PREPROCESSOR_DEFINITIONS = (
					"DEBUG=1",
					"$(inherited)",
				);
				GCC_SYMBOLS_PRIVATE_EXTERN = NO;
				GCC_WARN_64_TO_32_BIT_CONVERSION = YES;
				GCC_WARN_ABOUT_RETURN_TYPE = YES_ERROR;
				GCC_WARN_UNDECLARED_SELECTOR = YES;
				GCC_WARN_UNINITIALIZED_AUTOS = YES_AGGRESSIVE;
				GCC_WARN_UNUSED_FUNCTION = YES;
				GCC_WARN_UNUSED_VARIABLE = YES;
				IPHONEOS_DEPLOYMENT_TARGET = 12.4;
				LD_RUNPATH_SEARCH_PATHS = (
					/usr/lib/swift,
					"$(inherited)",
				);
				LIBRARY_SEARCH_PATHS = (
					"\"$(SDKROOT)/usr/lib/swift\"",
					"\"$(TOOLCHAIN_DIR)/usr/lib/swift/$(PLATFORM_NAME)\"",
					"\"$(inherited)\"",
				);
				MTL_ENABLE_DEBUG_INFO = YES;
				ONLY_ACTIVE_ARCH = YES;
				OTHER_CPLUSPLUSFLAGS = (
					"$(OTHER_CFLAGS)",
					"-DFOLLY_NO_CONFIG",
					"-DFOLLY_MOBILE=1",
					"-DFOLLY_USE_LIBCPP=1",
				);
				SDKROOT = iphoneos;
			};
			name = Debug;
		};
		83CBBA211A601CBA00E9B192 /* Release */ = {
			isa = XCBuildConfiguration;
			buildSettings = {
				ALWAYS_SEARCH_USER_PATHS = NO;
				CLANG_ANALYZER_LOCALIZABILITY_NONLOCALIZED = YES;
				CLANG_CXX_LANGUAGE_STANDARD = "c++17";
				CLANG_CXX_LIBRARY = "libc++";
				CLANG_ENABLE_MODULES = YES;
				CLANG_ENABLE_OBJC_ARC = YES;
				CLANG_WARN_BLOCK_CAPTURE_AUTORELEASING = YES;
				CLANG_WARN_BOOL_CONVERSION = YES;
				CLANG_WARN_COMMA = YES;
				CLANG_WARN_CONSTANT_CONVERSION = YES;
				CLANG_WARN_DEPRECATED_OBJC_IMPLEMENTATIONS = YES;
				CLANG_WARN_DIRECT_OBJC_ISA_USAGE = YES_ERROR;
				CLANG_WARN_EMPTY_BODY = YES;
				CLANG_WARN_ENUM_CONVERSION = YES;
				CLANG_WARN_INFINITE_RECURSION = YES;
				CLANG_WARN_INT_CONVERSION = YES;
				CLANG_WARN_NON_LITERAL_NULL_CONVERSION = YES;
				CLANG_WARN_OBJC_IMPLICIT_RETAIN_SELF = YES;
				CLANG_WARN_OBJC_LITERAL_CONVERSION = YES;
				CLANG_WARN_OBJC_ROOT_CLASS = YES_ERROR;
				CLANG_WARN_QUOTED_INCLUDE_IN_FRAMEWORK_HEADER = YES;
				CLANG_WARN_RANGE_LOOP_ANALYSIS = YES;
				CLANG_WARN_STRICT_PROTOTYPES = YES;
				CLANG_WARN_SUSPICIOUS_MOVE = YES;
				CLANG_WARN_UNREACHABLE_CODE = YES;
				CLANG_WARN__DUPLICATE_METHOD_MATCH = YES;
				"CODE_SIGN_IDENTITY[sdk=iphoneos*]" = "iPhone Developer";
				COPY_PHASE_STRIP = YES;
				ENABLE_NS_ASSERTIONS = NO;
				ENABLE_STRICT_OBJC_MSGSEND = YES;
				"EXCLUDED_ARCHS[sdk=iphonesimulator*]" = "";
				GCC_C_LANGUAGE_STANDARD = gnu99;
				GCC_NO_COMMON_BLOCKS = YES;
				GCC_WARN_64_TO_32_BIT_CONVERSION = YES;
				GCC_WARN_ABOUT_RETURN_TYPE = YES_ERROR;
				GCC_WARN_UNDECLARED_SELECTOR = YES;
				GCC_WARN_UNINITIALIZED_AUTOS = YES_AGGRESSIVE;
				GCC_WARN_UNUSED_FUNCTION = YES;
				GCC_WARN_UNUSED_VARIABLE = YES;
				IPHONEOS_DEPLOYMENT_TARGET = 12.4;
				LD_RUNPATH_SEARCH_PATHS = (
					/usr/lib/swift,
					"$(inherited)",
				);
				LIBRARY_SEARCH_PATHS = (
					"\"$(SDKROOT)/usr/lib/swift\"",
					"\"$(TOOLCHAIN_DIR)/usr/lib/swift/$(PLATFORM_NAME)\"",
					"\"$(inherited)\"",
				);
				MTL_ENABLE_DEBUG_INFO = NO;
				OTHER_CPLUSPLUSFLAGS = (
					"$(OTHER_CFLAGS)",
					"-DFOLLY_NO_CONFIG",
					"-DFOLLY_MOBILE=1",
					"-DFOLLY_USE_LIBCPP=1",
				);
				SDKROOT = iphoneos;
				VALIDATE_PRODUCT = YES;
			};
			name = Release;
		};
/* End XCBuildConfiguration section */

/* Begin XCConfigurationList section */
		00E357021AD99517003FC87E /* Build configuration list for PBXNativeTarget "TheCoffeeHouseTests" */ = {
			isa = XCConfigurationList;
			buildConfigurations = (
				00E356F61AD99517003FC87E /* Debug */,
				00E356F71AD99517003FC87E /* Release */,
			);
			defaultConfigurationIsVisible = 0;
			defaultConfigurationName = Release;
		};
		13B07F931A680F5B00A75B9A /* Build configuration list for PBXNativeTarget "TheCoffeeHouse" */ = {
			isa = XCConfigurationList;
			buildConfigurations = (
				13B07F941A680F5B00A75B9A /* Debug */,
				13B07F951A680F5B00A75B9A /* Release */,
			);
			defaultConfigurationIsVisible = 0;
			defaultConfigurationName = Release;
		};
		83CBB9FA1A601CBA00E9B192 /* Build configuration list for PBXProject "TheCoffeeHouse" */ = {
			isa = XCConfigurationList;
			buildConfigurations = (
				83CBBA201A601CBA00E9B192 /* Debug */,
				83CBBA211A601CBA00E9B192 /* Release */,
			);
			defaultConfigurationIsVisible = 0;
			defaultConfigurationName = Release;
		};
/* End XCConfigurationList section */
	};
	rootObject = 83CBB9F71A601CBA00E9B192 /* Project object */;
}
